PODS:
  - QueryKit (0.14.1)
  - RxCocoa (6.5.0):
    - RxRelay (= 6.5.0)
    - RxSwift (= 6.5.0)
  - RxRelay (6.5.0):
    - RxSwift (= 6.5.0)
  - RxSwift (6.5.0)

DEPENDENCIES:
  - QueryKit
  - RxCocoa (~> 6.5.0)
  - RxSwift (~> 6.5.0)

SPEC REPOS:
  trunk:
    - QueryKit
    - RxCocoa
    - RxRelay
    - RxSwift

SPEC CHECKSUMS:
  QueryKit: 60dae8ff75d5805f9c703c68c0ef4294c9dd7de6
  RxCocoa: 94f817b71c07517321eb4f9ad299112ca8af743b
  RxRelay: 1de1523e604c72b6c68feadedd1af3b1b4d0ecbd
  RxSwift: 5710a9e6b17f3c3d6e40d6e559b9fa1e813b2ef8

PODFILE CHECKSUM: 74a58a943033570ee9955bb7be1af93436ba2e86

COCOAPODS: 1.11.3
